// !$*UTF8*$!
{
	archiveVersion = 1;
	classes = {
	};
	objectVersion = 55;
	objects = {

/* Begin PBXBuildFile section */
		1BD1582E281D9BDE00DD05CB /* AppDelegate.swift in Sources */ = {isa = PBXBuildFile; fileRef = 1BD1582D281D9BDE00DD05CB /* AppDelegate.swift */; };
		1BD15830281D9BDE00DD05CB /* SceneDelegate.swift in Sources */ = {isa = PBXBuildFile; fileRef = 1BD1582F281D9BDE00DD05CB /* SceneDelegate.swift */; };
		1BD15835281D9BDE00DD05CB /* Main.storyboard in Resources */ = {isa = PBXBuildFile; fileRef = 1BD15833281D9BDE00DD05CB /* Main.storyboard */; };
		1BD15837281D9BDF00DD05CB /* Assets.xcassets in Resources */ = {isa = PBXBuildFile; fileRef = 1BD15836281D9BDF00DD05CB /* Assets.xcassets */; };
		1BD1583A281D9BDF00DD05CB /* LaunchScreen.storyboard in Resources */ = {isa = PBXBuildFile; fileRef = 1BD15838281D9BDF00DD05CB /* LaunchScreen.storyboard */; };
		1BD15845281D9BE000DD05CB /* DrinkWaterAppExampleTests.swift in Sources */ = {isa = PBXBuildFile; fileRef = 1BD15844281D9BE000DD05CB /* DrinkWaterAppExampleTests.swift */; };
		1BD1584F281D9BE000DD05CB /* DrinkWaterAppExampleUITests.swift in Sources */ = {isa = PBXBuildFile; fileRef = 1BD1584E281D9BE000DD05CB /* DrinkWaterAppExampleUITests.swift */; };
		1BD15851281D9BE000DD05CB /* DrinkWaterAppExampleUITestsLaunchTests.swift in Sources */ = {isa = PBXBuildFile; fileRef = 1BD15850281D9BE000DD05CB /* DrinkWaterAppExampleUITestsLaunchTests.swift */; };
		1BD15862281D9C2400DD05CB /* IQKeyboardManagerSwift in Frameworks */ = {isa = PBXBuildFile; productRef = 1BD15861281D9C2400DD05CB /* IQKeyboardManagerSwift */; };
		1BD15864281D9C6700DD05CB /* DrinkWaterViewController.swift in Sources */ = {isa = PBXBuildFile; fileRef = 1BD15863281D9C6700DD05CB /* DrinkWaterViewController.swift */; };
		1BD15866281D9EC400DD05CB /* ProfileViewController.swift in Sources */ = {isa = PBXBuildFile; fileRef = 1BD15865281D9EC400DD05CB /* ProfileViewController.swift */; };
		1BD1586C281DAB5200DD05CB /* TextFieldEffects in Frameworks */ = {isa = PBXBuildFile; productRef = 1BD1586B281DAB5200DD05CB /* TextFieldEffects */; };
/* End PBXBuildFile section */

/* Begin PBXContainerItemProxy section */
		1BD15841281D9BE000DD05CB /* PBXContainerItemProxy */ = {
			isa = PBXContainerItemProxy;
			containerPortal = 1BD15822281D9BDE00DD05CB /* Project object */;
			proxyType = 1;
			remoteGlobalIDString = 1BD15829281D9BDE00DD05CB;
			remoteInfo = DrinkWaterAppExample;
		};
		1BD1584B281D9BE000DD05CB /* PBXContainerItemProxy */ = {
			isa = PBXContainerItemProxy;
			containerPortal = 1BD15822281D9BDE00DD05CB /* Project object */;
			proxyType = 1;
			remoteGlobalIDString = 1BD15829281D9BDE00DD05CB;
			remoteInfo = DrinkWaterAppExample;
		};
/* End PBXContainerItemProxy section */

/* Begin PBXFileReference section */
		1BD1582A281D9BDE00DD05CB /* DrinkWaterAppExample.app */ = {isa = PBXFileReference; explicitFileType = wrapper.application; includeInIndex = 0; path = DrinkWaterAppExample.app; sourceTree = BUILT_PRODUCTS_DIR; };
		1BD1582D281D9BDE00DD05CB /* AppDelegate.swift */ = {isa = PBXFileReference; lastKnownFileType = sourcecode.swift; path = AppDelegate.swift; sourceTree = "<group>"; };
		1BD1582F281D9BDE00DD05CB /* SceneDelegate.swift */ = {isa = PBXFileReference; lastKnownFileType = sourcecode.swift; path = SceneDelegate.swift; sourceTree = "<group>"; };
		1BD15834281D9BDE00DD05CB /* Base */ = {isa = PBXFileReference; lastKnownFileType = file.storyboard; name = Base; path = Base.lproj/Main.storyboard; sourceTree = "<group>"; };
		1BD15836281D9BDF00DD05CB /* Assets.xcassets */ = {isa = PBXFileReference; lastKnownFileType = folder.assetcatalog; path = Assets.xcassets; sourceTree = "<group>"; };
		1BD15839281D9BDF00DD05CB /* Base */ = {isa = PBXFileReference; lastKnownFileType = file.storyboard; name = Base; path = Base.lproj/LaunchScreen.storyboard; sourceTree = "<group>"; };
		1BD1583B281D9BDF00DD05CB /* Info.plist */ = {isa = PBXFileReference; lastKnownFileType = text.plist.xml; path = Info.plist; sourceTree = "<group>"; };
		1BD15840281D9BE000DD05CB /* DrinkWaterAppExampleTests.xctest */ = {isa = PBXFileReference; explicitFileType = wrapper.cfbundle; includeInIndex = 0; path = DrinkWaterAppExampleTests.xctest; sourceTree = BUILT_PRODUCTS_DIR; };
		1BD15844281D9BE000DD05CB /* DrinkWaterAppExampleTests.swift */ = {isa = PBXFileReference; lastKnownFileType = sourcecode.swift; path = DrinkWaterAppExampleTests.swift; sourceTree = "<group>"; };
		1BD1584A281D9BE000DD05CB /* DrinkWaterAppExampleUITests.xctest */ = {isa = PBXFileReference; explicitFileType = wrapper.cfbundle; includeInIndex = 0; path = DrinkWaterAppExampleUITests.xctest; sourceTree = BUILT_PRODUCTS_DIR; };
		1BD1584E281D9BE000DD05CB /* DrinkWaterAppExampleUITests.swift */ = {isa = PBXFileReference; lastKnownFileType = sourcecode.swift; path = DrinkWaterAppExampleUITests.swift; sourceTree = "<group>"; };
		1BD15850281D9BE000DD05CB /* DrinkWaterAppExampleUITestsLaunchTests.swift */ = {isa = PBXFileReference; lastKnownFileType = sourcecode.swift; path = DrinkWaterAppExampleUITestsLaunchTests.swift; sourceTree = "<group>"; };
		1BD15863281D9C6700DD05CB /* DrinkWaterViewController.swift */ = {isa = PBXFileReference; lastKnownFileType = sourcecode.swift; path = DrinkWaterViewController.swift; sourceTree = "<group>"; };
		1BD15865281D9EC400DD05CB /* ProfileViewController.swift */ = {isa = PBXFileReference; lastKnownFileType = sourcecode.swift; path = ProfileViewController.swift; sourceTree = "<group>"; };
/* End PBXFileReference section */

/* Begin PBXFrameworksBuildPhase section */
		1BD15827281D9BDE00DD05CB /* Frameworks */ = {
			isa = PBXFrameworksBuildPhase;
			buildActionMask = 2147483647;
			files = (
				1BD15862281D9C2400DD05CB /* IQKeyboardManagerSwift in Frameworks */,
				1BD1586C281DAB5200DD05CB /* TextFieldEffects in Frameworks */,
			);
			runOnlyForDeploymentPostprocessing = 0;
		};
		1BD1583D281D9BE000DD05CB /* Frameworks */ = {
			isa = PBXFrameworksBuildPhase;
			buildActionMask = 2147483647;
			files = (
			);
			runOnlyForDeploymentPostprocessing = 0;
		};
		1BD15847281D9BE000DD05CB /* Frameworks */ = {
			isa = PBXFrameworksBuildPhase;
			buildActionMask = 2147483647;
			files = (
			);
			runOnlyForDeploymentPostprocessing = 0;
		};
/* End PBXFrameworksBuildPhase section */

/* Begin PBXGroup section */
		1BD15821281D9BDE00DD05CB = {
			isa = PBXGroup;
			children = (
				1BD1582C281D9BDE00DD05CB /* DrinkWaterAppExample */,
				1BD15843281D9BE000DD05CB /* DrinkWaterAppExampleTests */,
				1BD1584D281D9BE000DD05CB /* DrinkWaterAppExampleUITests */,
				1BD1582B281D9BDE00DD05CB /* Products */,
			);
			sourceTree = "<group>";
		};
		1BD1582B281D9BDE00DD05CB /* Products */ = {
			isa = PBXGroup;
			children = (
				1BD1582A281D9BDE00DD05CB /* DrinkWaterAppExample.app */,
				1BD15840281D9BE000DD05CB /* DrinkWaterAppExampleTests.xctest */,
				1BD1584A281D9BE000DD05CB /* DrinkWaterAppExampleUITests.xctest */,
			);
			name = Products;
			sourceTree = "<group>";
		};
		1BD1582C281D9BDE00DD05CB /* DrinkWaterAppExample */ = {
			isa = PBXGroup;
			children = (
				1BD1582D281D9BDE00DD05CB /* AppDelegate.swift */,
				1BD1582F281D9BDE00DD05CB /* SceneDelegate.swift */,
				1BD15833281D9BDE00DD05CB /* Main.storyboard */,
				1BD15865281D9EC400DD05CB /* ProfileViewController.swift */,
				1BD15863281D9C6700DD05CB /* DrinkWaterViewController.swift */,
				1BD15836281D9BDF00DD05CB /* Assets.xcassets */,
				1BD15838281D9BDF00DD05CB /* LaunchScreen.storyboard */,
				1BD1583B281D9BDF00DD05CB /* Info.plist */,
			);
			path = DrinkWaterAppExample;
			sourceTree = "<group>";
		};
		1BD15843281D9BE000DD05CB /* DrinkWaterAppExampleTests */ = {
			isa = PBXGroup;
			children = (
				1BD15844281D9BE000DD05CB /* DrinkWaterAppExampleTests.swift */,
			);
			path = DrinkWaterAppExampleTests;
			sourceTree = "<group>";
		};
		1BD1584D281D9BE000DD05CB /* DrinkWaterAppExampleUITests */ = {
			isa = PBXGroup;
			children = (
				1BD1584E281D9BE000DD05CB /* DrinkWaterAppExampleUITests.swift */,
				1BD15850281D9BE000DD05CB /* DrinkWaterAppExampleUITestsLaunchTests.swift */,
			);
			path = DrinkWaterAppExampleUITests;
			sourceTree = "<group>";
		};
/* End PBXGroup section */

/* Begin PBXNativeTarget section */
		1BD15829281D9BDE00DD05CB /* DrinkWaterAppExample */ = {
			isa = PBXNativeTarget;
			buildConfigurationList = 1BD15854281D9BE000DD05CB /* Build configuration list for PBXNativeTarget "DrinkWaterAppExample" */;
			buildPhases = (
				1BD15826281D9BDE00DD05CB /* Sources */,
				1BD15827281D9BDE00DD05CB /* Frameworks */,
				1BD15828281D9BDE00DD05CB /* Resources */,
			);
			buildRules = (
			);
			dependencies = (
			);
			name = DrinkWaterAppExample;
			packageProductDependencies = (
				1BD15861281D9C2400DD05CB /* IQKeyboardManagerSwift */,
				1BD1586B281DAB5200DD05CB /* TextFieldEffects */,
			);
			productName = DrinkWaterAppExample;
			productReference = 1BD1582A281D9BDE00DD05CB /* DrinkWaterAppExample.app */;
			productType = "com.apple.product-type.application";
		};
		1BD1583F281D9BE000DD05CB /* DrinkWaterAppExampleTests */ = {
			isa = PBXNativeTarget;
			buildConfigurationList = 1BD15857281D9BE000DD05CB /* Build configuration list for PBXNativeTarget "DrinkWaterAppExampleTests" */;
			buildPhases = (
				1BD1583C281D9BE000DD05CB /* Sources */,
				1BD1583D281D9BE000DD05CB /* Frameworks */,
				1BD1583E281D9BE000DD05CB /* Resources */,
			);
			buildRules = (
			);
			dependencies = (
				1BD15842281D9BE000DD05CB /* PBXTargetDependency */,
			);
			name = DrinkWaterAppExampleTests;
			productName = DrinkWaterAppExampleTests;
			productReference = 1BD15840281D9BE000DD05CB /* DrinkWaterAppExampleTests.xctest */;
			productType = "com.apple.product-type.bundle.unit-test";
		};
		1BD15849281D9BE000DD05CB /* DrinkWaterAppExampleUITests */ = {
			isa = PBXNativeTarget;
			buildConfigurationList = 1BD1585A281D9BE000DD05CB /* Build configuration list for PBXNativeTarget "DrinkWaterAppExampleUITests" */;
			buildPhases = (
				1BD15846281D9BE000DD05CB /* Sources */,
				1BD15847281D9BE000DD05CB /* Frameworks */,
				1BD15848281D9BE000DD05CB /* Resources */,
			);
			buildRules = (
			);
			dependencies = (
				1BD1584C281D9BE000DD05CB /* PBXTargetDependency */,
			);
			name = DrinkWaterAppExampleUITests;
			productName = DrinkWaterAppExampleUITests;
			productReference = 1BD1584A281D9BE000DD05CB /* DrinkWaterAppExampleUITests.xctest */;
			productType = "com.apple.product-type.bundle.ui-testing";
		};
/* End PBXNativeTarget section */

/* Begin PBXProject section */
		1BD15822281D9BDE00DD05CB /* Project object */ = {
			isa = PBXProject;
			attributes = {
				BuildIndependentTargetsInParallel = 1;
				LastSwiftUpdateCheck = 1330;
				LastUpgradeCheck = 1330;
				TargetAttributes = {
					1BD15829281D9BDE00DD05CB = {
						CreatedOnToolsVersion = 13.3.1;
					};
					1BD1583F281D9BE000DD05CB = {
						CreatedOnToolsVersion = 13.3.1;
						TestTargetID = 1BD15829281D9BDE00DD05CB;
					};
					1BD15849281D9BE000DD05CB = {
						CreatedOnToolsVersion = 13.3.1;
						TestTargetID = 1BD15829281D9BDE00DD05CB;
					};
				};
			};
			buildConfigurationList = 1BD15825281D9BDE00DD05CB /* Build configuration list for PBXProject "DrinkWaterAppExample" */;
			compatibilityVersion = "Xcode 13.0";
			developmentRegion = en;
			hasScannedForEncodings = 0;
			knownRegions = (
				en,
				Base,
			);
			mainGroup = 1BD15821281D9BDE00DD05CB;
			packageReferences = (
				1BD15860281D9C2400DD05CB /* XCRemoteSwiftPackageReference "IQKeyboardManager" */,
				1BD1586A281DAB5200DD05CB /* XCRemoteSwiftPackageReference "TextFieldEffects" */,
			);
			productRefGroup = 1BD1582B281D9BDE00DD05CB /* Products */;
			projectDirPath = "";
			projectRoot = "";
			targets = (
				1BD15829281D9BDE00DD05CB /* DrinkWaterAppExample */,
				1BD1583F281D9BE000DD05CB /* DrinkWaterAppExampleTests */,
				1BD15849281D9BE000DD05CB /* DrinkWaterAppExampleUITests */,
			);
		};
/* End PBXProject section */

/* Begin PBXResourcesBuildPhase section */
		1BD15828281D9BDE00DD05CB /* Resources */ = {
			isa = PBXResourcesBuildPhase;
			buildActionMask = 2147483647;
			files = (
				1BD1583A281D9BDF00DD05CB /* LaunchScreen.storyboard in Resources */,
				1BD15837281D9BDF00DD05CB /* Assets.xcassets in Resources */,
				1BD15835281D9BDE00DD05CB /* Main.storyboard in Resources */,
			);
			runOnlyForDeploymentPostprocessing = 0;
		};
		1BD1583E281D9BE000DD05CB /* Resources */ = {
			isa = PBXResourcesBuildPhase;
			buildActionMask = 2147483647;
			files = (
			);
			runOnlyForDeploymentPostprocessing = 0;
		};
		1BD15848281D9BE000DD05CB /* Resources */ = {
			isa = PBXResourcesBuildPhase;
			buildActionMask = 2147483647;
			files = (
			);
			runOnlyForDeploymentPostprocessing = 0;
		};
/* End PBXResourcesBuildPhase section */

/* Begin PBXSourcesBuildPhase section */
		1BD15826281D9BDE00DD05CB /* Sources */ = {
			isa = PBXSourcesBuildPhase;
			buildActionMask = 2147483647;
			files = (
				1BD1582E281D9BDE00DD05CB /* AppDelegate.swift in Sources */,
				1BD15830281D9BDE00DD05CB /* SceneDelegate.swift in Sources */,
				1BD15866281D9EC400DD05CB /* ProfileViewController.swift in Sources */,
				1BD15864281D9C6700DD05CB /* DrinkWaterViewController.swift in Sources */,
			);
			runOnlyForDeploymentPostprocessing = 0;
		};
		1BD1583C281D9BE000DD05CB /* Sources */ = {
			isa = PBXSourcesBuildPhase;
			buildActionMask = 2147483647;
			files = (
				1BD15845281D9BE000DD05CB /* DrinkWaterAppExampleTests.swift in Sources */,
			);
			runOnlyForDeploymentPostprocessing = 0;
		};
		1BD15846281D9BE000DD05CB /* Sources */ = {
			isa = PBXSourcesBuildPhase;
			buildActionMask = 2147483647;
			files = (
				1BD15851281D9BE000DD05CB /* DrinkWaterAppExampleUITestsLaunchTests.swift in Sources */,
				1BD1584F281D9BE000DD05CB /* DrinkWaterAppExampleUITests.swift in Sources */,
			);
			runOnlyForDeploymentPostprocessing = 0;
		};
/* End PBXSourcesBuildPhase section */

/* Begin PBXTargetDependency section */
		1BD15842281D9BE000DD05CB /* PBXTargetDependency */ = {
			isa = PBXTargetDependency;
			target = 1BD15829281D9BDE00DD05CB /* DrinkWaterAppExample */;
			targetProxy = 1BD15841281D9BE000DD05CB /* PBXContainerItemProxy */;
		};
		1BD1584C281D9BE000DD05CB /* PBXTargetDependency */ = {
			isa = PBXTargetDependency;
			target = 1BD15829281D9BDE00DD05CB /* DrinkWaterAppExample */;
			targetProxy = 1BD1584B281D9BE000DD05CB /* PBXContainerItemProxy */;
		};
/* End PBXTargetDependency section */

/* Begin PBXVariantGroup section */
		1BD15833281D9BDE00DD05CB /* Main.storyboard */ = {
			isa = PBXVariantGroup;
			children = (
				1BD15834281D9BDE00DD05CB /* Base */,
			);
			name = Main.storyboard;
			sourceTree = "<group>";
		};
		1BD15838281D9BDF00DD05CB /* LaunchScreen.storyboard */ = {
			isa = PBXVariantGroup;
			children = (
				1BD15839281D9BDF00DD05CB /* Base */,
			);
			name = LaunchScreen.storyboard;
			sourceTree = "<group>";
		};
/* End PBXVariantGroup section */

/* Begin XCBuildConfiguration section */
		1BD15852281D9BE000DD05CB /* Debug */ = {
			isa = XCBuildConfiguration;
			buildSettings = {
				ALWAYS_SEARCH_USER_PATHS = NO;
				CLANG_ANALYZER_NONNULL = YES;
				CLANG_ANALYZER_NUMBER_OBJECT_CONVERSION = YES_AGGRESSIVE;
				CLANG_CXX_LANGUAGE_STANDARD = "gnu++17";
				CLANG_ENABLE_MODULES = YES;
				CLANG_ENABLE_OBJC_ARC = YES;
				CLANG_ENABLE_OBJC_WEAK = YES;
				CLANG_WARN_BLOCK_CAPTURE_AUTORELEASING = YES;
				CLANG_WARN_BOOL_CONVERSION = YES;
				CLANG_WARN_COMMA = YES;
				CLANG_WARN_CONSTANT_CONVERSION = YES;
				CLANG_WARN_DEPRECATED_OBJC_IMPLEMENTATIONS = YES;
				CLANG_WARN_DIRECT_OBJC_ISA_USAGE = YES_ERROR;
				CLANG_WARN_DOCUMENTATION_COMMENTS = YES;
				CLANG_WARN_EMPTY_BODY = YES;
				CLANG_WARN_ENUM_CONVERSION = YES;
				CLANG_WARN_INFINITE_RECURSION = YES;
				CLANG_WARN_INT_CONVERSION = YES;
				CLANG_WARN_NON_LITERAL_NULL_CONVERSION = YES;
				CLANG_WARN_OBJC_IMPLICIT_RETAIN_SELF = YES;
				CLANG_WARN_OBJC_LITERAL_CONVERSION = YES;
				CLANG_WARN_OBJC_ROOT_CLASS = YES_ERROR;
				CLANG_WARN_QUOTED_INCLUDE_IN_FRAMEWORK_HEADER = YES;
				CLANG_WARN_RANGE_LOOP_ANALYSIS = YES;
				CLANG_WARN_STRICT_PROTOTYPES = YES;
				CLANG_WARN_SUSPICIOUS_MOVE = YES;
				CLANG_WARN_UNGUARDED_AVAILABILITY = YES_AGGRESSIVE;
				CLANG_WARN_UNREACHABLE_CODE = YES;
				CLANG_WARN__DUPLICATE_METHOD_MATCH = YES;
				COPY_PHASE_STRIP = NO;
				DEBUG_INFORMATION_FORMAT = dwarf;
				ENABLE_STRICT_OBJC_MSGSEND = YES;
				ENABLE_TESTABILITY = YES;
				GCC_C_LANGUAGE_STANDARD = gnu11;
				GCC_DYNAMIC_NO_PIC = NO;
				GCC_NO_COMMON_BLOCKS = YES;
				GCC_OPTIMIZATION_LEVEL = 0;
				GCC_PREPROCESSOR_DEFINITIONS = (
					"DEBUG=1",
					"$(inherited)",
				);
				GCC_WARN_64_TO_32_BIT_CONVERSION = YES;
				GCC_WARN_ABOUT_RETURN_TYPE = YES_ERROR;
				GCC_WARN_UNDECLARED_SELECTOR = YES;
				GCC_WARN_UNINITIALIZED_AUTOS = YES_AGGRESSIVE;
				GCC_WARN_UNUSED_FUNCTION = YES;
				GCC_WARN_UNUSED_VARIABLE = YES;
				IPHONEOS_DEPLOYMENT_TARGET = 15.0;
				MTL_ENABLE_DEBUG_INFO = INCLUDE_SOURCE;
				MTL_FAST_MATH = YES;
				ONLY_ACTIVE_ARCH = YES;
				SDKROOT = iphoneos;
				SWIFT_ACTIVE_COMPILATION_CONDITIONS = DEBUG;
				SWIFT_OPTIMIZATION_LEVEL = "-Onone";
			};
			name = Debug;
		};
		1BD15853281D9BE000DD05CB /* Release */ = {
			isa = XCBuildConfiguration;
			buildSettings = {
				ALWAYS_SEARCH_USER_PATHS = NO;
				CLANG_ANALYZER_NONNULL = YES;
				CLANG_ANALYZER_NUMBER_OBJECT_CONVERSION = YES_AGGRESSIVE;
				CLANG_CXX_LANGUAGE_STANDARD = "gnu++17";
				CLANG_ENABLE_MODULES = YES;
				CLANG_ENABLE_OBJC_ARC = YES;
				CLANG_ENABLE_OBJC_WEAK = YES;
				CLANG_WARN_BLOCK_CAPTURE_AUTORELEASING = YES;
				CLANG_WARN_BOOL_CONVERSION = YES;
				CLANG_WARN_COMMA = YES;
				CLANG_WARN_CONSTANT_CONVERSION = YES;
				CLANG_WARN_DEPRECATED_OBJC_IMPLEMENTATIONS = YES;
				CLANG_WARN_DIRECT_OBJC_ISA_USAGE = YES_ERROR;
				CLANG_WARN_DOCUMENTATION_COMMENTS = YES;
				CLANG_WARN_EMPTY_BODY = YES;
				CLANG_WARN_ENUM_CONVERSION = YES;
				CLANG_WARN_INFINITE_RECURSION = YES;
				CLANG_WARN_INT_CONVERSION = YES;
				CLANG_WARN_NON_LITERAL_NULL_CONVERSION = YES;
				CLANG_WARN_OBJC_IMPLICIT_RETAIN_SELF = YES;
				CLANG_WARN_OBJC_LITERAL_CONVERSION = YES;
				CLANG_WARN_OBJC_ROOT_CLASS = YES_ERROR;
				CLANG_WARN_QUOTED_INCLUDE_IN_FRAMEWORK_HEADER = YES;
				CLANG_WARN_RANGE_LOOP_ANALYSIS = YES;
				CLANG_WARN_STRICT_PROTOTYPES = YES;
				CLANG_WARN_SUSPICIOUS_MOVE = YES;
				CLANG_WARN_UNGUARDED_AVAILABILITY = YES_AGGRESSIVE;
				CLANG_WARN_UNREACHABLE_CODE = YES;
				CLANG_WARN__DUPLICATE_METHOD_MATCH = YES;
				COPY_PHASE_STRIP = NO;
				DEBUG_INFORMATION_FORMAT = "dwarf-with-dsym";
				ENABLE_NS_ASSERTIONS = NO;
				ENABLE_STRICT_OBJC_MSGSEND = YES;
				GCC_C_LANGUAGE_STANDARD = gnu11;
				GCC_NO_COMMON_BLOCKS = YES;
				GCC_WARN_64_TO_32_BIT_CONVERSION = YES;
				GCC_WARN_ABOUT_RETURN_TYPE = YES_ERROR;
				GCC_WARN_UNDECLARED_SELECTOR = YES;
				GCC_WARN_UNINITIALIZED_AUTOS = YES_AGGRESSIVE;
				GCC_WARN_UNUSED_FUNCTION = YES;
				GCC_WARN_UNUSED_VARIABLE = YES;
				IPHONEOS_DEPLOYMENT_TARGET = 15.0;
				MTL_ENABLE_DEBUG_INFO = NO;
				MTL_FAST_MATH = YES;
				SDKROOT = iphoneos;
				SWIFT_COMPILATION_MODE = wholemodule;
				SWIFT_OPTIMIZATION_LEVEL = "-O";
				VALIDATE_PRODUCT = YES;
			};
			name = Release;
		};
		1BD15855281D9BE000DD05CB /* Debug */ = {
			isa = XCBuildConfiguration;
			buildSettings = {
				ASSETCATALOG_COMPILER_APPICON_NAME = AppIcon;
				ASSETCATALOG_COMPILER_GLOBAL_ACCENT_COLOR_NAME = AccentColor;
				CODE_SIGN_STYLE = Automatic;
				CURRENT_PROJECT_VERSION = 1;
				GENERATE_INFOPLIST_FILE = YES;
				INFOPLIST_FILE = DrinkWaterAppExample/Info.plist;
				INFOPLIST_KEY_UIApplicationSupportsIndirectInputEvents = YES;
				INFOPLIST_KEY_UILaunchStoryboardName = LaunchScreen;
				INFOPLIST_KEY_UIMainStoryboardFile = Main;
				INFOPLIST_KEY_UISupportedInterfaceOrientations_iPad = "UIInterfaceOrientationPortrait UIInterfaceOrientationPortraitUpsideDown UIInterfaceOrientationLandscapeLeft UIInterfaceOrientationLandscapeRight";
				INFOPLIST_KEY_UISupportedInterfaceOrientations_iPhone = "UIInterfaceOrientationPortrait UIInterfaceOrientationLandscapeLeft UIInterfaceOrientationLandscapeRight";
				LD_RUNPATH_SEARCH_PATHS = (
					"$(inherited)",
					"@executable_path/Frameworks",
				);
				MARKETING_VERSION = 1.0;
				PRODUCT_BUNDLE_IDENTIFIER = com.bro.DrinkWaterAppExample;
				PRODUCT_NAME = "$(TARGET_NAME)";
				SWIFT_EMIT_LOC_STRINGS = YES;
				SWIFT_VERSION = 5.0;
				TARGETED_DEVICE_FAMILY = "1,2";
			};
			name = Debug;
		};
		1BD15856281D9BE000DD05CB /* Release */ = {
			isa = XCBuildConfiguration;
			buildSettings = {
				ASSETCATALOG_COMPILER_APPICON_NAME = AppIcon;
				ASSETCATALOG_COMPILER_GLOBAL_ACCENT_COLOR_NAME = AccentColor;
				CODE_SIGN_STYLE = Automatic;
				CURRENT_PROJECT_VERSION = 1;
				GENERATE_INFOPLIST_FILE = YES;
				INFOPLIST_FILE = DrinkWaterAppExample/Info.plist;
				INFOPLIST_KEY_UIApplicationSupportsIndirectInputEvents = YES;
				INFOPLIST_KEY_UILaunchStoryboardName = LaunchScreen;
				INFOPLIST_KEY_UIMainStoryboardFile = Main;
				INFOPLIST_KEY_UISupportedInterfaceOrientations_iPad = "UIInterfaceOrientationPortrait UIInterfaceOrientationPortraitUpsideDown UIInterfaceOrientationLandscapeLeft UIInterfaceOrientationLandscapeRight";
				INFOPLIST_KEY_UISupportedInterfaceOrientations_iPhone = "UIInterfaceOrientationPortrait UIInterfaceOrientationLandscapeLeft UIInterfaceOrientationLandscapeRight";
				LD_RUNPATH_SEARCH_PATHS = (
					"$(inherited)",
					"@executable_path/Frameworks",
				);
				MARKETING_VERSION = 1.0;
				PRODUCT_BUNDLE_IDENTIFIER = com.bro.DrinkWaterAppExample;
				PRODUCT_NAME = "$(TARGET_NAME)";
				SWIFT_EMIT_LOC_STRINGS = YES;
				SWIFT_VERSION = 5.0;
				TARGETED_DEVICE_FAMILY = "1,2";
			};
			name = Release;
		};
		1BD15858281D9BE000DD05CB /* Debug */ = {
			isa = XCBuildConfiguration;
			buildSettings = {
				ALWAYS_EMBED_SWIFT_STANDARD_LIBRARIES = YES;
				BUNDLE_LOADER = "$(TEST_HOST)";
				CODE_SIGN_STYLE = Automatic;
				CURRENT_PROJECT_VERSION = 1;
				GENERATE_INFOPLIST_FILE = YES;
				IPHONEOS_DEPLOYMENT_TARGET = 15.4;
				MARKETING_VERSION = 1.0;
				PRODUCT_BUNDLE_IDENTIFIER = com.bro.DrinkWaterAppExampleTests;
				PRODUCT_NAME = "$(TARGET_NAME)";
				SWIFT_EMIT_LOC_STRINGS = NO;
				SWIFT_VERSION = 5.0;
				TARGETED_DEVICE_FAMILY = "1,2";
				TEST_HOST = "$(BUILT_PRODUCTS_DIR)/DrinkWaterAppExample.app/DrinkWaterAppExample";
			};
			name = Debug;
		};
		1BD15859281D9BE000DD05CB /* Release */ = {
			isa = XCBuildConfiguration;
			buildSettings = {
				ALWAYS_EMBED_SWIFT_STANDARD_LIBRARIES = YES;
				BUNDLE_LOADER = "$(TEST_HOST)";
				CODE_SIGN_STYLE = Automatic;
				CURRENT_PROJECT_VERSION = 1;
				GENERATE_INFOPLIST_FILE = YES;
				IPHONEOS_DEPLOYMENT_TARGET = 15.4;
				MARKETING_VERSION = 1.0;
				PRODUCT_BUNDLE_IDENTIFIER = com.bro.DrinkWaterAppExampleTests;
				PRODUCT_NAME = "$(TARGET_NAME)";
				SWIFT_EMIT_LOC_STRINGS = NO;
				SWIFT_VERSION = 5.0;
				TARGETED_DEVICE_FAMILY = "1,2";
				TEST_HOST = "$(BUILT_PRODUCTS_DIR)/DrinkWaterAppExample.app/DrinkWaterAppExample";
			};
			name = Release;
		};
		1BD1585B281D9BE000DD05CB /* Debug */ = {
			isa = XCBuildConfiguration;
			buildSettings = {
				ALWAYS_EMBED_SWIFT_STANDARD_LIBRARIES = YES;
				CODE_SIGN_STYLE = Automatic;
				CURRENT_PROJECT_VERSION = 1;
				GENERATE_INFOPLIST_FILE = YES;
				MARKETING_VERSION = 1.0;
				PRODUCT_BUNDLE_IDENTIFIER = com.bro.DrinkWaterAppExampleUITests;
				PRODUCT_NAME = "$(TARGET_NAME)";
				SWIFT_EMIT_LOC_STRINGS = NO;
				SWIFT_VERSION = 5.0;
				TARGETED_DEVICE_FAMILY = "1,2";
				TEST_TARGET_NAME = DrinkWaterAppExample;
			};
			name = Debug;
		};
		1BD1585C281D9BE000DD05CB /* Release */ = {
			isa = XCBuildConfiguration;
			buildSettings = {
				ALWAYS_EMBED_SWIFT_STANDARD_LIBRARIES = YES;
				CODE_SIGN_STYLE = Automatic;
				CURRENT_PROJECT_VERSION = 1;
				GENERATE_INFOPLIST_FILE = YES;
				MARKETING_VERSION = 1.0;
				PRODUCT_BUNDLE_IDENTIFIER = com.bro.DrinkWaterAppExampleUITests;
				PRODUCT_NAME = "$(TARGET_NAME)";
				SWIFT_EMIT_LOC_STRINGS = NO;
				SWIFT_VERSION = 5.0;
				TARGETED_DEVICE_FAMILY = "1,2";
				TEST_TARGET_NAME = DrinkWaterAppExample;
			};
			name = Release;
		};
/* End XCBuildConfiguration section */

/* Begin XCConfigurationList section */
		1BD15825281D9BDE00DD05CB /* Build configuration list for PBXProject "DrinkWaterAppExample" */ = {
			isa = XCConfigurationList;
			buildConfigurations = (
				1BD15852281D9BE000DD05CB /* Debug */,
				1BD15853281D9BE000DD05CB /* Release */,
			);
			defaultConfigurationIsVisible = 0;
			defaultConfigurationName = Release;
		};
		1BD15854281D9BE000DD05CB /* Build configuration list for PBXNativeTarget "DrinkWaterAppExample" */ = {
			isa = XCConfigurationList;
			buildConfigurations = (
				1BD15855281D9BE000DD05CB /* Debug */,
				1BD15856281D9BE000DD05CB /* Release */,
			);
			defaultConfigurationIsVisible = 0;
			defaultConfigurationName = Release;
		};
		1BD15857281D9BE000DD05CB /* Build configuration list for PBXNativeTarget "DrinkWaterAppExampleTests" */ = {
			isa = XCConfigurationList;
			buildConfigurations = (
				1BD15858281D9BE000DD05CB /* Debug */,
				1BD15859281D9BE000DD05CB /* Release */,
			);
			defaultConfigurationIsVisible = 0;
			defaultConfigurationName = Release;
		};
		1BD1585A281D9BE000DD05CB /* Build configuration list for PBXNativeTarget "DrinkWaterAppExampleUITests" */ = {
			isa = XCConfigurationList;
			buildConfigurations = (
				1BD1585B281D9BE000DD05CB /* Debug */,
				1BD1585C281D9BE000DD05CB /* Release */,
			);
			defaultConfigurationIsVisible = 0;
			defaultConfigurationName = Release;
		};
/* End XCConfigurationList section */

/* Begin XCRemoteSwiftPackageReference section */
		1BD15860281D9C2400DD05CB /* XCRemoteSwiftPackageReference "IQKeyboardManager" */ = {
			isa = XCRemoteSwiftPackageReference;
			repositoryURL = "https://github.com/hackiftekhar/IQKeyboardManager.git";
			requirement = {
				branch = master;
				kind = branch;
			};
		};
		1BD1586A281DAB5200DD05CB /* XCRemoteSwiftPackageReference "TextFieldEffects" */ = {
			isa = XCRemoteSwiftPackageReference;
			repositoryURL = "https://github.com/raulriera/TextFieldEffects.git";
			requirement = {
				kind = versionRange;
				maximumVersion = 2.0.0;
				minimumVersion = 1.0.0;
			};
		};
/* End XCRemoteSwiftPackageReference section */

/* Begin XCSwiftPackageProductDependency section */
		1BD15861281D9C2400DD05CB /* IQKeyboardManagerSwift */ = {
			isa = XCSwiftPackageProductDependency;
			package = 1BD15860281D9C2400DD05CB /* XCRemoteSwiftPackageReference "IQKeyboardManager" */;
			productName = IQKeyboardManagerSwift;
		};
		1BD1586B281DAB5200DD05CB /* TextFieldEffects */ = {
			isa = XCSwiftPackageProductDependency;
			package = 1BD1586A281DAB5200DD05CB /* XCRemoteSwiftPackageReference "TextFieldEffects" */;
			productName = TextFieldEffects;
		};
/* End XCSwiftPackageProductDependency section */
	};
	rootObject = 1BD15822281D9BDE00DD05CB /* Project object */;
}
